
Microsoft Visual Studio Solution File, Format Version 12.00
# Visual Studio 15
VisualStudioVersion = 15.0.26206.0
MinimumVisualStudioVersion = 10.0.40219.1
Project("{FAE04EC0-301F-11D3-BF4B-00C04F79EFBC}") = "Sanderling", "Sanderling\Sanderling.csproj", "{36F1710C-532F-47FD-88E2-5FAFB381121C}"
EndProject
Project("{FAE04EC0-301F-11D3-BF4B-00C04F79EFBC}") = "Sanderling.Test.Exe", "Sanderling.Test.Exe\Sanderling.Test.Exe.csproj", "{C397962F-B65B-4B73-AACC-456148B96ADF}"
EndProject
Project("{FAE04EC0-301F-11D3-BF4B-00C04F79EFBC}") = "Sanderling.Exe", "Sanderling.Exe\Sanderling.Exe.csproj", "{C81E5C54-BD6F-430E-938A-D73D974A264E}"
EndProject
Project("{FAE04EC0-301F-11D3-BF4B-00C04F79EFBC}") = "Sanderling.UI", "Sanderling.UI\Sanderling.UI.csproj", "{20F1C9A1-EAA9-4160-9DBD-63DB2EF0BD35}"
EndProject
Project("{FAE04EC0-301F-11D3-BF4B-00C04F79EFBC}") = "EveClientMemoryDump.Exe", "EveClientMemoryDump.Exe\EveClientMemoryDump.Exe.csproj", "{3F6C6FC4-E011-4288-A991-60E2049661D2}"
EndProject
Project("{FAE04EC0-301F-11D3-BF4B-00C04F79EFBC}") = "Sanderling.MemoryReading", "Sanderling.MemoryReading\Sanderling.MemoryReading.csproj", "{2A04E046-2908-400A-9EFA-A49884B5D691}"
EndProject
Project("{FAE04EC0-301F-11D3-BF4B-00C04F79EFBC}") = "Sanderling.MemoryReading.Test", "Sanderling.MemoryReading.Test\Sanderling.MemoryReading.Test.csproj", "{AF1A52C8-8A98-4CFF-8280-A3B8DFC83BB7}"
EndProject
Project("{FAE04EC0-301F-11D3-BF4B-00C04F79EFBC}") = "Sanderling.Sample.Read", "Sanderling.Sample.Read\Sanderling.Sample.Read.csproj", "{0F0270BE-4C44-4E56-8ACE-C37F33F3745E}"
EndProject
Project("{2150E333-8FDC-42A3-9474-1A3956D46DE8}") = "Solution Items", "Solution Items", "{B6DC81B0-D3F7-47DE-BBF2-4C297EA1F3EA}"
	ProjectSection(SolutionItems) = preProject
		.editorconfig = .editorconfig
	EndProjectSection
EndProject
Project("{FAE04EC0-301F-11D3-BF4B-00C04F79EFBC}") = "Sanderling.ExploreProcessMeasurement", "Sanderling.ExploreProcessMeasurement\Sanderling.ExploreProcessMeasurement.csproj", "{32BD203F-DD99-4732-BAE1-8EE376FED6C9}"
EndProject
Project("{FAE04EC0-301F-11D3-BF4B-00C04F79EFBC}") = "Sanderling.Interface", "Sanderling.Interface\Sanderling.Interface.csproj", "{41ECE926-3577-4774-8902-E7BA721DCC09}"
EndProject
Global
	GlobalSection(SolutionConfigurationPlatforms) = preSolution
		Debug|Any CPU = Debug|Any CPU
		Release|Any CPU = Release|Any CPU
	EndGlobalSection
	GlobalSection(ProjectConfigurationPlatforms) = postSolution
		{36F1710C-532F-47FD-88E2-5FAFB381121C}.Debug|Any CPU.ActiveCfg = Debug|Any CPU
		{36F1710C-532F-47FD-88E2-5FAFB381121C}.Debug|Any CPU.Build.0 = Debug|Any CPU
		{36F1710C-532F-47FD-88E2-5FAFB381121C}.Release|Any CPU.ActiveCfg = Release|Any CPU
		{36F1710C-532F-47FD-88E2-5FAFB381121C}.Release|Any CPU.Build.0 = Release|Any CPU
		{C397962F-B65B-4B73-AACC-456148B96ADF}.Debug|Any CPU.ActiveCfg = Debug|Any CPU
		{C397962F-B65B-4B73-AACC-456148B96ADF}.Debug|Any CPU.Build.0 = Debug|Any CPU
		{C397962F-B65B-4B73-AACC-456148B96ADF}.Release|Any CPU.ActiveCfg = Release|Any CPU
		{C397962F-B65B-4B73-AACC-456148B96ADF}.Release|Any CPU.Build.0 = Release|Any CPU
		{C81E5C54-BD6F-430E-938A-D73D974A264E}.Debug|Any CPU.ActiveCfg = Debug|Any CPU
		{C81E5C54-BD6F-430E-938A-D73D974A264E}.Debug|Any CPU.Build.0 = Debug|Any CPU
		{C81E5C54-BD6F-430E-938A-D73D974A264E}.Release|Any CPU.ActiveCfg = Release|Any CPU
		{C81E5C54-BD6F-430E-938A-D73D974A264E}.Release|Any CPU.Build.0 = Release|Any CPU
		{20F1C9A1-EAA9-4160-9DBD-63DB2EF0BD35}.Debug|Any CPU.ActiveCfg = Debug|Any CPU
		{20F1C9A1-EAA9-4160-9DBD-63DB2EF0BD35}.Debug|Any CPU.Build.0 = Debug|Any CPU
		{20F1C9A1-EAA9-4160-9DBD-63DB2EF0BD35}.Release|Any CPU.ActiveCfg = Release|Any CPU
		{20F1C9A1-EAA9-4160-9DBD-63DB2EF0BD35}.Release|Any CPU.Build.0 = Release|Any CPU
		{3F6C6FC4-E011-4288-A991-60E2049661D2}.Debug|Any CPU.ActiveCfg = Debug|Any CPU
		{3F6C6FC4-E011-4288-A991-60E2049661D2}.Debug|Any CPU.Build.0 = Debug|Any CPU
		{3F6C6FC4-E011-4288-A991-60E2049661D2}.Release|Any CPU.ActiveCfg = Release|Any CPU
		{3F6C6FC4-E011-4288-A991-60E2049661D2}.Release|Any CPU.Build.0 = Release|Any CPU
		{2A04E046-2908-400A-9EFA-A49884B5D691}.Debug|Any CPU.ActiveCfg = Debug|Any CPU
		{2A04E046-2908-400A-9EFA-A49884B5D691}.Debug|Any CPU.Build.0 = Debug|Any CPU
		{2A04E046-2908-400A-9EFA-A49884B5D691}.Release|Any CPU.ActiveCfg = Release|Any CPU
		{2A04E046-2908-400A-9EFA-A49884B5D691}.Release|Any CPU.Build.0 = Release|Any CPU
		{AF1A52C8-8A98-4CFF-8280-A3B8DFC83BB7}.Debug|Any CPU.ActiveCfg = Debug|Any CPU
		{AF1A52C8-8A98-4CFF-8280-A3B8DFC83BB7}.Debug|Any CPU.Build.0 = Debug|Any CPU
		{AF1A52C8-8A98-4CFF-8280-A3B8DFC83BB7}.Release|Any CPU.ActiveCfg = Release|Any CPU
		{AF1A52C8-8A98-4CFF-8280-A3B8DFC83BB7}.Release|Any CPU.Build.0 = Release|Any CPU
		{0F0270BE-4C44-4E56-8ACE-C37F33F3745E}.Debug|Any CPU.ActiveCfg = Debug|Any CPU
		{0F0270BE-4C44-4E56-8ACE-C37F33F3745E}.Debug|Any CPU.Build.0 = Debug|Any CPU
		{0F0270BE-4C44-4E56-8ACE-C37F33F3745E}.Release|Any CPU.ActiveCfg = Release|Any CPU
		{0F0270BE-4C44-4E56-8ACE-C37F33F3745E}.Release|Any CPU.Build.0 = Release|Any CPU
		{32BD203F-DD99-4732-BAE1-8EE376FED6C9}.Debug|Any CPU.ActiveCfg = Debug|Any CPU
		{32BD203F-DD99-4732-BAE1-8EE376FED6C9}.Debug|Any CPU.Build.0 = Debug|Any CPU
		{32BD203F-DD99-4732-BAE1-8EE376FED6C9}.Release|Any CPU.ActiveCfg = Release|Any CPU
		{32BD203F-DD99-4732-BAE1-8EE376FED6C9}.Release|Any CPU.Build.0 = Release|Any CPU
		{41ECE926-3577-4774-8902-E7BA721DCC09}.Debug|Any CPU.ActiveCfg = Debug|Any CPU
		{41ECE926-3577-4774-8902-E7BA721DCC09}.Debug|Any CPU.Build.0 = Debug|Any CPU
		{41ECE926-3577-4774-8902-E7BA721DCC09}.Release|Any CPU.ActiveCfg = Release|Any CPU
		{41ECE926-3577-4774-8902-E7BA721DCC09}.Release|Any CPU.Build.0 = Release|Any CPU
	EndGlobalSection
	GlobalSection(SolutionProperties) = preSolution
		HideSolutionNode = FALSE
	EndGlobalSection
	GlobalSection(ExtensibilityGlobals) = postSolution
		SolutionGuid = {1C3A1804-4E7C-465E-9B31-8A6370A06829}
	EndGlobalSection
EndGlobal
